{
  "nodes": {
    "acmsg": {
      "inputs": {
        "nixpkgs": [
          "nixpkgs"
        ],
        "pyproject-nix": "pyproject-nix",
        "systems": "systems"
      },
      "locked": {
        "lastModified": 1746967475,
        "narHash": "sha256-LuDwBqRwU9V0yt0aV6oya3vpXwEqomfi5GiMHLn9pKI=",
        "owner": "quinneden",
        "repo": "acmsg",
        "rev": "039a7b2ea2ff3b63c536d454a1ef61c0468afcdd",
        "type": "github"
      },
      "original": {
        "owner": "quinneden",
        "repo": "acmsg",
        "type": "github"
      }
    },
    "ags": {
      "inputs": {
        "astal": "astal",
        "nixpkgs": [
          "marble-shell",
          "nixpkgs"
        ]
      },
      "locked": {
        "lastModified": 1744557573,
        "narHash": "sha256-XAyj0iDuI51BytJ1PwN53uLpzTDdznPDQFG4RwihlTQ=",
        "owner": "aylur",
        "repo": "ags",
        "rev": "3ed9737bdbc8fc7a7c7ceef2165c9109f336bff6",
        "type": "github"
      },
      "original": {
        "owner": "aylur",
        "repo": "ags",
        "type": "github"
      }
    },
    "apple-fonts": {
      "inputs": {
        "nixpkgs": [
          "nixpkgs"
        ],
        "ny": "ny",
        "sf-arabic": "sf-arabic",
        "sf-armenian": "sf-armenian",
        "sf-compact": "sf-compact",
        "sf-georgian": "sf-georgian",
        "sf-hebrew": "sf-hebrew",
        "sf-mono": "sf-mono",
        "sf-pro": "sf-pro"
      },
      "locked": {
        "lastModified": 1740961576,
        "narHash": "sha256-9L6d3owtajM72YvUOpK1zYle2nM0BpsuopbF9lm9lJs=",
        "owner": "Lyndeno",
        "repo": "apple-fonts.nix",
        "rev": "4df58996ed654f6ce9b71b41c1826484c6870739",
        "type": "github"
      },
      "original": {
        "owner": "Lyndeno",
        "repo": "apple-fonts.nix",
        "type": "github"
      }
    },
    "astal": {
      "inputs": {
        "nixpkgs": [
          "marble-shell",
          "ags",
          "nixpkgs"
        ]
      },
      "locked": {
        "lastModified": 1742571008,
        "narHash": "sha256-5WgfJAeBpxiKbTR/gJvxrGYfqQRge5aUDcGKmU1YZ1Q=",
        "owner": "aylur",
        "repo": "astal",
        "rev": "dc0e5d37abe9424c53dcbd2506a4886ffee6296e",
        "type": "github"
      },
      "original": {
        "owner": "aylur",
        "repo": "astal",
        "type": "github"
      }
    },
    "cl-nix-lite": {
      "locked": {
        "lastModified": 1728174978,
        "narHash": "sha256-Grqqg+xuicANB85j0gNEXxi9SBKY7bzGeTuyi95eGcY=",
        "owner": "hraban",
        "repo": "cl-nix-lite",
        "rev": "31cfe6275c341eb3120a99f4b1c8516c49a29d87",
        "type": "github"
      },
      "original": {
        "owner": "hraban",
        "repo": "cl-nix-lite",
        "type": "github"
      }
    },
    "flake-compat": {
      "flake": false,
      "locked": {
        "lastModified": 1730663653,
        "narHash": "sha256-kFCUWettiFHDIqxCWWQ9qY8pVh+Lj+XL0Giyy/kdomg=",
        "owner": "hraban",
        "repo": "flake-compat",
        "rev": "e5b16676185cb7548581c852f51ce7f3a49bba5e",
        "type": "github"
      },
      "original": {
        "owner": "hraban",
        "ref": "fixed-output",
        "repo": "flake-compat",
        "type": "github"
      }
    },
    "flake-compat_2": {
      "locked": {
        "lastModified": 1688025799,
        "narHash": "sha256-ktpB4dRtnksm9F5WawoIkEneh1nrEvuxb5lJFt1iOyw=",
        "owner": "nix-community",
        "repo": "flake-compat",
        "rev": "8bf105319d44f6b9f0d764efa4fdef9f1cc9ba1c",
        "type": "github"
      },
      "original": {
        "owner": "nix-community",
        "repo": "flake-compat",
        "type": "github"
      }
    },
    "flake-utils": {
      "inputs": {
        "systems": "systems_2"
      },
      "locked": {
        "lastModified": 1731533236,
        "narHash": "sha256-l0KFg5HjrsfsO/JpG+r7fRrqm12kzFHyUHqHCVpMMbI=",
        "owner": "numtide",
        "repo": "flake-utils",
        "rev": "11707dc2f618dd54ca8739b309ec4fc024de578b",
        "type": "github"
      },
      "original": {
        "owner": "numtide",
        "repo": "flake-utils",
        "type": "github"
      }
    },
    "flake-utils_2": {
      "inputs": {
        "systems": [
          "mac-app-util",
          "systems"
        ]
      },
      "locked": {
        "lastModified": 1731533236,
        "narHash": "sha256-l0KFg5HjrsfsO/JpG+r7fRrqm12kzFHyUHqHCVpMMbI=",
        "owner": "numtide",
        "repo": "flake-utils",
        "rev": "11707dc2f618dd54ca8739b309ec4fc024de578b",
        "type": "github"
      },
      "original": {
        "id": "flake-utils",
        "type": "indirect"
      }
    },
    "flakey-profile": {
      "locked": {
        "lastModified": 1712898590,
        "narHash": "sha256-FhGIEU93VHAChKEXx905TSiPZKga69bWl1VB37FK//I=",
        "owner": "lf-",
        "repo": "flakey-profile",
        "rev": "243c903fd8eadc0f63d205665a92d4df91d42d9d",
        "type": "github"
      },
      "original": {
        "owner": "lf-",
        "repo": "flakey-profile",
        "type": "github"
      }
    },
    "home-manager": {
      "inputs": {
        "nixpkgs": [
          "nixpkgs"
        ]
      },
      "locked": {
        "lastModified": 1747184352,
        "narHash": "sha256-GBZulv50wztp5cgc405t1uOkxQYhSkMqeKLI+iSrlpk=",
        "owner": "nix-community",
        "repo": "home-manager",
        "rev": "7c1cefb98369cc85440642fdccc1c1394ca6dd2c",
        "type": "github"
      },
      "original": {
        "owner": "nix-community",
        "ref": "master",
        "repo": "home-manager",
        "type": "github"
      }
    },
    "hyprland-contrib": {
      "inputs": {
        "nixpkgs": [
          "nixpkgs"
        ]
      },
      "locked": {
        "lastModified": 1747045452,
        "narHash": "sha256-VKs/GtedyOrcWiEOf9JPPX6ZgKzngXTVMUlqsL60G/c=",
        "owner": "hyprwm",
        "repo": "contrib",
        "rev": "8e6c02ac3dfbff878ef300266598737ee9cedf94",
        "type": "github"
      },
      "original": {
        "owner": "hyprwm",
        "repo": "contrib",
        "type": "github"
      }
    },
    "icon-browser": {
      "inputs": {
        "nixpkgs": [
          "nixpkgs"
        ]
      },
      "locked": {
        "lastModified": 1744509538,
        "narHash": "sha256-Wssm7rlnE5QK+WDbuPNhTFyFt07O3RQ3dW9BzWd8QNc=",
        "owner": "quinneden",
        "repo": "icon-browser",
        "rev": "9acb523e33bfe944a69ff794644a66b1e4694916",
        "type": "github"
      },
      "original": {
        "owner": "quinneden",
        "repo": "icon-browser",
        "type": "github"
      }
    },
    "lix": {
      "flake": false,
      "locked": {
        "lastModified": 1746827285,
        "narHash": "sha256-hsFe4Tsqqg4l+FfQWphDtjC79WzNCZbEFhHI8j2KJzw=",
        "rev": "47aad376c87e2e65967f17099277428e4b3f8e5a",
        "type": "tarball",
        "url": "https://git.lix.systems/api/v1/repos/lix-project/lix/archive/47aad376c87e2e65967f17099277428e4b3f8e5a.tar.gz?rev=47aad376c87e2e65967f17099277428e4b3f8e5a"
      },
      "original": {
        "type": "tarball",
        "url": "https://git.lix.systems/lix-project/lix/archive/2.93.0.tar.gz"
      }
    },
    "lix-module": {
      "inputs": {
        "flake-utils": "flake-utils",
        "flakey-profile": "flakey-profile",
        "lix": "lix",
        "nixpkgs": [
          "nixpkgs"
        ]
      },
      "locked": {
        "lastModified": 1746838955,
        "narHash": "sha256-11R4K3iAx4tLXjUs+hQ5K90JwDABD/XHhsM9nkeS5N8=",
        "rev": "cd2a9c028df820a83ca2807dc6c6e7abc3dfa7fc",
        "type": "tarball",
        "url": "https://git.lix.systems/api/v1/repos/lix-project/nixos-module/archive/cd2a9c028df820a83ca2807dc6c6e7abc3dfa7fc.tar.gz?rev=cd2a9c028df820a83ca2807dc6c6e7abc3dfa7fc"
      },
      "original": {
        "type": "tarball",
        "url": "https://git.lix.systems/lix-project/nixos-module/archive/2.93.0.tar.gz"
      }
    },
    "mac-app-util": {
      "inputs": {
        "cl-nix-lite": "cl-nix-lite",
        "flake-compat": "flake-compat",
        "flake-utils": "flake-utils_2",
        "nixpkgs": [
          "nixpkgs"
        ],
        "systems": "systems_3"
      },
      "locked": {
        "lastModified": 1742156590,
        "narHash": "sha256-aTM/2CrNN5utdVEQGsOA+kl4UozgH7VPLBQL5OXtBrg=",
        "owner": "hraban",
        "repo": "mac-app-util",
        "rev": "341ede93f290df7957047682482c298e47291b4d",
        "type": "github"
      },
      "original": {
        "owner": "hraban",
        "repo": "mac-app-util",
        "type": "github"
      }
    },
    "marble-shell": {
      "inputs": {
        "ags": "ags",
        "nixpkgs": [
          "nixpkgs"
        ]
      },
      "locked": {
        "lastModified": 1747198777,
        "narHash": "sha256-tZMskrsieN7hs/tKHZ3BHXExKfiJrJmdIL3+iJIY19s=",
        "ref": "aarch64-linux/main",
        "rev": "d3e442207d995dea98d9df062bf31eb739590bfd",
        "revCount": 14,
        "type": "git",
        "url": "ssh://git@github.com/quinneden/marble-shell"
      },
      "original": {
        "ref": "aarch64-linux/main",
        "type": "git",
        "url": "ssh://git@github.com/quinneden/marble-shell"
      }
    },
    "morewaita": {
      "flake": false,
      "locked": {
        "lastModified": 1746916549,
        "narHash": "sha256-nadLgVDqQJChG0Ftw/rYBjFisDVzTkZzxx//mkKefGA=",
        "owner": "somepaulo",
        "repo": "MoreWaita",
        "rev": "081bf325c0eb7f71a98b625e1b385001f8b34512",
        "type": "github"
      },
      "original": {
        "owner": "somepaulo",
        "repo": "MoreWaita",
        "type": "github"
      }
    },
    "nh": {
      "inputs": {
        "nixpkgs": [
          "nixpkgs"
        ]
      },
      "locked": {
        "lastModified": 1746889600,
        "narHash": "sha256-I82pvD0mdInsQTFA7SisvmJAusgdp8hJXLFBVd73URw=",
        "owner": "viperml",
        "repo": "nh",
        "rev": "9bbd96385f5534ccc2ba7f0b3c29192d7f0eb68c",
        "type": "github"
      },
      "original": {
        "owner": "viperml",
        "repo": "nh",
        "type": "github"
      }
    },
    "nh_2": {
      "inputs": {
        "nixpkgs": "nixpkgs_3"
      },
      "locked": {
        "lastModified": 1746889600,
        "narHash": "sha256-I82pvD0mdInsQTFA7SisvmJAusgdp8hJXLFBVd73URw=",
        "owner": "viperml",
        "repo": "nh",
        "rev": "9bbd96385f5534ccc2ba7f0b3c29192d7f0eb68c",
        "type": "github"
      },
      "original": {
        "owner": "viperml",
        "repo": "nh",
        "type": "github"
      }
    },
    "nix-darwin": {
      "inputs": {
        "nixpkgs": [
          "nixpkgs"
        ]
      },
      "locked": {
        "lastModified": 1747138802,
        "narHash": "sha256-Ou4zV3OskaDKlkuiM2VT+1w/xceXoZ5RRM4ZuW7n5+I=",
        "owner": "LnL7",
        "repo": "nix-darwin",
        "rev": "f88be00227161a1e9369a1d199f452dd5d720feb",
        "type": "github"
      },
      "original": {
        "owner": "LnL7",
        "repo": "nix-darwin",
        "type": "github"
      }
    },
    "nix-darwin_2": {
      "inputs": {
        "nixpkgs": [
          "shellpers",
          "nixpkgs"
        ]
      },
      "locked": {
        "lastModified": 1747138802,
        "narHash": "sha256-Ou4zV3OskaDKlkuiM2VT+1w/xceXoZ5RRM4ZuW7n5+I=",
        "owner": "LnL7",
        "repo": "nix-darwin",
        "rev": "f88be00227161a1e9369a1d199f452dd5d720feb",
        "type": "github"
      },
      "original": {
        "owner": "LnL7",
        "repo": "nix-darwin",
        "type": "github"
      }
    },
    "nix-rosetta-builder": {
      "inputs": {
        "nixpkgs": [
          "nixpkgs"
        ]
      },
      "locked": {
        "lastModified": 1747086967,
        "narHash": "sha256-+mWO+7yP6FJhqbKK9+ElKEbFRmTU8WpKCXNoovGtmSQ=",
        "owner": "quinneden",
        "repo": "nix-rosetta-builder",
        "rev": "062534a644080759db455f8be9eb13625ef585b1",
        "type": "github"
      },
      "original": {
        "owner": "quinneden",
        "ref": "no-nixos-generators",
        "repo": "nix-rosetta-builder",
        "type": "github"
      }
    },
    "nixos-apple-silicon": {
      "inputs": {
        "flake-compat": "flake-compat_2",
        "nixpkgs": [
          "nixpkgs"
        ]
      },
      "locked": {
        "lastModified": 1746909655,
        "narHash": "sha256-F3Ma9Yh38NFNHVQEkNCMZZKwfyYN/hHUKOwg1HjHHIw=",
        "owner": "tpwrules",
        "repo": "nixos-apple-silicon",
        "rev": "4829c0cee5887452eed32df61937bf20bc8032fe",
        "type": "github"
      },
      "original": {
        "owner": "tpwrules",
        "repo": "nixos-apple-silicon",
        "type": "github"
      }
    },
    "nixpkgs": {
      "locked": {
        "lastModified": 1747060738,
        "narHash": "sha256-ByfPRQuqj+nhtVV0koinEpmJw0KLzNbgcgi9EF+NVow=",
        "owner": "nixos",
        "repo": "nixpkgs",
        "rev": "eaeed9530c76ce5f1d2d8232e08bec5e26f18ec1",
        "type": "github"
      },
      "original": {
        "owner": "nixos",
        "ref": "nixpkgs-unstable",
        "repo": "nixpkgs",
        "type": "github"
      }
    },
    "nixpkgs-unstable": {
      "locked": {
        "lastModified": 1746576598,
        "narHash": "sha256-FshoQvr6Aor5SnORVvh/ZdJ1Sa2U4ZrIMwKBX5k2wu0=",
        "owner": "NixOS",
        "repo": "nixpkgs",
        "rev": "b3582c75c7f21ce0b429898980eddbbf05c68e55",
        "type": "github"
      },
      "original": {
        "owner": "NixOS",
        "ref": "nixpkgs-unstable",
        "repo": "nixpkgs",
        "type": "github"
      }
    },
    "nixpkgs_2": {
      "locked": {
        "lastModified": 0,
        "narHash": "sha256-FshoQvr6Aor5SnORVvh/ZdJ1Sa2U4ZrIMwKBX5k2wu0=",
        "path": "/nix/store/yhc8a0a2mvbp8fp53l57i3d5cnz735fc-source",
        "type": "path"
      },
      "original": {
        "id": "nixpkgs",
        "type": "indirect"
      }
    },
    "nixpkgs_3": {
      "locked": {
        "lastModified": 1746557022,
        "narHash": "sha256-QkNoyEf6TbaTW5UZYX0OkwIJ/ZMeKSSoOMnSDPQuol0=",
        "owner": "NixOS",
        "repo": "nixpkgs",
        "rev": "1d3aeb5a193b9ff13f63f4d9cc169fb88129f860",
        "type": "github"
      },
      "original": {
        "owner": "NixOS",
        "ref": "nixos-24.11",
        "repo": "nixpkgs",
        "type": "github"
      }
    },
    "ny": {
      "flake": false,
      "locked": {
        "narHash": "sha256-3257NAH4qlan2YHVLpNRy7x8IJqR2pal3OzFo/ykqXs=",
        "type": "file",
        "url": "https://devimages-cdn.apple.com/design/resources/download/NY.dmg"
      },
      "original": {
        "type": "file",
        "url": "https://devimages-cdn.apple.com/design/resources/download/NY.dmg"
      }
    },
    "pyproject-nix": {
      "inputs": {
        "nixpkgs": [
          "acmsg",
          "nixpkgs"
        ]
      },
      "locked": {
        "lastModified": 1746540146,
        "narHash": "sha256-QxdHGNpbicIrw5t6U3x+ZxeY/7IEJ6lYbvsjXmcxFIM=",
        "owner": "pyproject-nix",
        "repo": "pyproject.nix",
        "rev": "e09c10c24ebb955125fda449939bfba664c467fd",
        "type": "github"
      },
      "original": {
        "owner": "pyproject-nix",
        "repo": "pyproject.nix",
        "type": "github"
      }
    },
    "root": {
      "inputs": {
        "acmsg": "acmsg",
        "apple-fonts": "apple-fonts",
        "home-manager": "home-manager",
        "hyprland-contrib": "hyprland-contrib",
        "icon-browser": "icon-browser",
        "lix-module": "lix-module",
        "mac-app-util": "mac-app-util",
        "marble-shell": "marble-shell",
        "morewaita": "morewaita",
        "nh": "nh",
        "nix-darwin": "nix-darwin",
        "nix-rosetta-builder": "nix-rosetta-builder",
        "nixos-apple-silicon": "nixos-apple-silicon",
        "nixpkgs": "nixpkgs",
        "secrets": "secrets",
        "shellpers": "shellpers",
        "sops-nix": "sops-nix",
        "zed-extensions": "zed-extensions",
        "zen-browser": "zen-browser"
      }
    },
    "rust-overlay": {
      "inputs": {
        "nixpkgs": [
          "zed-extensions",
          "nixpkgs"
        ]
      },
      "locked": {
        "lastModified": 1746585402,
        "narHash": "sha256-Pf+ufu6bYNA1+KQKHnGMNEfTwpD9ZIcAeLoE2yPWIP0=",
        "owner": "oxalica",
        "repo": "rust-overlay",
        "rev": "72dd969389583664f87aa348b3458f2813693617",
        "type": "github"
      },
      "original": {
        "owner": "oxalica",
        "repo": "rust-overlay",
        "type": "github"
      }
    },
    "secrets": {
      "inputs": {
        "nixpkgs": "nixpkgs_2"
      },
      "locked": {
        "lastModified": 1746834196,
        "narHash": "sha256-u7OKm0kyuKSzy7RJ7i4VRc2ZLb5prLhE9evu6VqUkyI=",
        "ref": "main",
        "rev": "dafc697f8553ada0f70f12b4b26823d282c8d0c1",
        "shallow": true,
        "type": "git",
        "url": "ssh://git@github.com/quinneden/secrets"
      },
      "original": {
        "ref": "main",
        "shallow": true,
        "type": "git",
        "url": "ssh://git@github.com/quinneden/secrets"
      }
    },
    "sf-arabic": {
      "flake": false,
      "locked": {
        "narHash": "sha256-/0gjRimqvZyE60xYxxPdlU+7Q2LJnnvtbmwOP0YmS9U=",
        "type": "file",
        "url": "https://devimages-cdn.apple.com/design/resources/download/SF-Arabic.dmg"
      },
      "original": {
        "type": "file",
        "url": "https://devimages-cdn.apple.com/design/resources/download/SF-Arabic.dmg"
      }
    },
    "sf-armenian": {
      "flake": false,
      "locked": {
        "narHash": "sha256-rRoDkbNMYkzOHZmQm96Zv80TZvRlAeoxkv4pMHP5nUg=",
        "type": "file",
        "url": "https://devimages-cdn.apple.com/design/resources/download/SF-Armenian.dmg"
      },
      "original": {
        "type": "file",
        "url": "https://devimages-cdn.apple.com/design/resources/download/SF-Armenian.dmg"
      }
    },
    "sf-compact": {
      "flake": false,
      "locked": {
        "narHash": "sha256-J72Lyt2wy83E46wN8w6/Rih9kilM9wEjtY6KnbF0DsA=",
        "type": "file",
        "url": "https://devimages-cdn.apple.com/design/resources/download/SF-Compact.dmg"
      },
      "original": {
        "type": "file",
        "url": "https://devimages-cdn.apple.com/design/resources/download/SF-Compact.dmg"
      }
    },
    "sf-georgian": {
      "flake": false,
      "locked": {
        "narHash": "sha256-IevVNOC28IiR45YfI3PsZzXLMRxuB5u7UiE53Zn6tRU=",
        "type": "file",
        "url": "https://devimages-cdn.apple.com/design/resources/download/SF-Georgian.dmg"
      },
      "original": {
        "type": "file",
        "url": "https://devimages-cdn.apple.com/design/resources/download/SF-Georgian.dmg"
      }
    },
    "sf-hebrew": {
      "flake": false,
      "locked": {
        "narHash": "sha256-Dw84kYwMpCtKKKqm8cZcQ9TZ7GayU5MO7W0LJw0Rcwk=",
        "type": "file",
        "url": "https://devimages-cdn.apple.com/design/resources/download/SF-Hebrew.dmg"
      },
      "original": {
        "type": "file",
        "url": "https://devimages-cdn.apple.com/design/resources/download/SF-Hebrew.dmg"
      }
    },
    "sf-mono": {
      "flake": false,
      "locked": {
        "narHash": "sha256-ICdHRFdNL7PM/fXJUzS7LgZxZiqcyIuCMHLze4En4vg=",
        "type": "file",
        "url": "https://devimages-cdn.apple.com/design/resources/download/SF-Mono.dmg"
      },
      "original": {
        "type": "file",
        "url": "https://devimages-cdn.apple.com/design/resources/download/SF-Mono.dmg"
      }
    },
    "sf-pro": {
      "flake": false,
      "locked": {
        "narHash": "sha256-Q/pOQ4MGhW/ZtLka+UUQcwSoZFDWW34XvutxL4GvzUY=",
        "type": "file",
        "url": "https://devimages-cdn.apple.com/design/resources/download/SF-Pro.dmg"
      },
      "original": {
        "type": "file",
        "url": "https://devimages-cdn.apple.com/design/resources/download/SF-Pro.dmg"
      }
    },
    "shellpers": {
      "inputs": {
        "lix-module": [
          "lix-module"
        ],
        "nh": "nh_2",
        "nix-darwin": "nix-darwin_2",
        "nixpkgs": [
          "nixpkgs"
        ]
      },
      "locked": {
        "lastModified": 1747184321,
        "narHash": "sha256-SgzJq/J5dNcykzpx5sE7Uo8RzPuXsgPJrIemGA83KuU=",
        "owner": "quinneden",
        "repo": "shellpers",
        "rev": "8816cc48d99cfd0c09114769a60894aef4184d26",
        "type": "github"
      },
      "original": {
        "owner": "quinneden",
        "repo": "shellpers",
        "type": "github"
      }
    },
    "sops-nix": {
      "inputs": {
        "nixpkgs": [
          "nixpkgs"
        ]
      },
      "locked": {
        "lastModified": 1746485181,
        "narHash": "sha256-PxrrSFLaC7YuItShxmYbMgSuFFuwxBB+qsl9BZUnRvg=",
        "owner": "mic92",
        "repo": "sops-nix",
        "rev": "e93ee1d900ad264d65e9701a5c6f895683433386",
        "type": "github"
      },
      "original": {
        "owner": "mic92",
        "repo": "sops-nix",
        "type": "github"
      }
    },
    "systems": {
      "locked": {
        "lastModified": 1681028828,
        "narHash": "sha256-Vy1rq5AaRuLzOxct8nz4T6wlgyUR7zLU309k9mBC768=",
        "owner": "nix-systems",
        "repo": "default",
        "rev": "da67096a3b9bf56a91d16901293e51ba5b49a27e",
        "type": "github"
      },
      "original": {
        "owner": "nix-systems",
        "repo": "default",
        "type": "github"
      }
    },
    "systems_2": {
      "locked": {
        "lastModified": 1681028828,
        "narHash": "sha256-Vy1rq5AaRuLzOxct8nz4T6wlgyUR7zLU309k9mBC768=",
        "owner": "nix-systems",
        "repo": "default",
        "rev": "da67096a3b9bf56a91d16901293e51ba5b49a27e",
        "type": "github"
      },
      "original": {
        "owner": "nix-systems",
        "repo": "default",
        "type": "github"
      }
    },
    "systems_3": {
      "locked": {
        "lastModified": 1689347925,
        "narHash": "sha256-ozenz5bFe1UUqOn7f60HRmgc01BgTGIKZ4Xl+HbocGQ=",
        "owner": "nix-systems",
        "repo": "default-darwin",
        "rev": "2235d7e6cc29ae99878133c95e9fe5e157661ffb",
        "type": "github"
      },
      "original": {
        "owner": "nix-systems",
        "repo": "default-darwin",
        "type": "github"
      }
    },
    "zed-extensions": {
      "inputs": {
        "nixpkgs": [
          "nixpkgs"
        ],
        "nixpkgs-unstable": "nixpkgs-unstable",
        "rust-overlay": "rust-overlay"
      },
      "locked": {
        "lastModified": 1746918210,
        "narHash": "sha256-X2ZKfuTAkrbqOwJM+g1GiFPT5wsV3X30s2tcT30cY1A=",
        "owner": "DuskSystems",
        "repo": "nix-zed-extensions",
        "rev": "07da3a682a5d999bcf25bc9a5267913ab2246bfd",
        "type": "github"
      },
      "original": {
        "owner": "DuskSystems",
        "repo": "nix-zed-extensions",
        "type": "github"
      }
    },
    "zen-browser": {
      "inputs": {
        "nixpkgs": [
          "nixpkgs"
        ]
      },
      "locked": {
        "lastModified": 1746763614,
        "narHash": "sha256-tfBsztz6aUcfIFK8Sewn44mkMXZs8rRQfmHBjVhkUBM=",
        "owner": "youwen5",
        "repo": "zen-browser-flake",
        "rev": "154aa27229783bca87c3ea3ac4ef32ab9b99cdb6",
        "type": "github"
      },
      "original": {
        "owner": "youwen5",
        "repo": "zen-browser-flake",
        "type": "github"
      }
    }
  },
  "root": "root",
  "version": 7
}
